PODS:
  - ReactiveCocoa (2.1.8):
    - ReactiveCocoa/Core
    - ReactiveCocoa/no-arc
  - ReactiveCocoa/Core (2.1.8):
    - ReactiveCocoa/no-arc
  - ReactiveCocoa/no-arc (2.1.8)

DEPENDENCIES:
  - ReactiveCocoa

SPEC CHECKSUMS:
  ReactiveCocoa: 0db710a0afa1c627a64470e5c912a3870d4854ae

COCOAPODS: 0.28.0
